{
  "name": "vanilla-example",
  "version": "1.0.0",
  "lockfileVersion": 1,
  "requires": true,
  "dependencies": {
    "simplr-router": {
      "version": "4.0.7",
      "resolved": "https://registry.npmjs.org/simplr-router/-/simplr-router-4.0.7.tgz",
      "integrity": "sha512-SeDn+gXdVOnUCbd8DNr8pP5fRmOKNvNKm0PG33Ru2xe4oTj4YqnT2IVfBidAUZ9Wf2FBZPDqB+UfRkzPZfWt4A=="
    }
  }
}
