{
  "name": "vanilla-example",
  "version": "1.0.0",
  "lockfileVersion": 1,
  "requires": true,
  "dependencies": {
    "simplr-router": {
      "version": "4.0.6",
      "resolved": "https://registry.npmjs.org/simplr-router/-/simplr-router-4.0.6.tgz",
      "integrity": "sha512-usj/oGEWeQ6/8RJ4rx8gNPrKBrMlmTuzdSW00ptO9xv+4UiHXwyB9rsPD3096kP5ZOt4DvjCtCE6O/VOqDbBkA=="
    }
  }
}
